// !$*UTF8*$!
{
	archiveVersion = 1;
	classes = {
	};
	objectVersion = 46;
	objects = {

/* Begin PBXBuildFile section */
		B439D7D91B429E26008C186C /* main.m in Sources */ = {isa = PBXBuildFile; fileRef = B439D7D81B429E26008C186C /* main.m */; };
		B439D7DC1B429E26008C186C /* AppDelegate.m in Sources */ = {isa = PBXBuildFile; fileRef = B439D7DB1B429E26008C186C /* AppDelegate.m */; };
		B439D7DF1B429E26008C186C /* ViewController.m in Sources */ = {isa = PBXBuildFile; fileRef = B439D7DE1B429E26008C186C /* ViewController.m */; };
		B439D7E21B429E26008C186C /* Main.storyboard in Resources */ = {isa = PBXBuildFile; fileRef = B439D7E01B429E26008C186C /* Main.storyboard */; };
		B439D7E41B429E26008C186C /* Images.xcassets in Resources */ = {isa = PBXBuildFile; fileRef = B439D7E31B429E26008C186C /* Images.xcassets */; };
		B439D7E71B429E26008C186C /* LaunchScreen.xib in Resources */ = {isa = PBXBuildFile; fileRef = B439D7E51B429E26008C186C /* LaunchScreen.xib */; };
		B439D7F31B429E26008C186C /* NSLinkAttributeNameIssueTests.m in Sources */ = {isa = PBXBuildFile; fileRef = B439D7F21B429E26008C186C /* NSLinkAttributeNameIssueTests.m */; };
/* End PBXBuildFile section */

/* Begin PBXContainerItemProxy section */
		B439D7ED1B429E26008C186C /* PBXContainerItemProxy */ = {
			isa = PBXContainerItemProxy;
			containerPortal = B439D7CB1B429E26008C186C /* Project object */;
			proxyType = 1;
			remoteGlobalIDString = B439D7D21B429E26008C186C;
			remoteInfo = NSLinkAttributeNameIssue;
		};
/* End PBXContainerItemProxy section */

/* Begin PBXFileReference section */
		B439D7D31B429E26008C186C /* NSLinkAttributeNameIssue.app */ = {isa = PBXFileReference; explicitFileType = wrapper.application; includeInIndex = 0; path = NSLinkAttributeNameIssue.app; sourceTree = BUILT_PRODUCTS_DIR; };
		B439D7D71B429E26008C186C /* Info.plist */ = {isa = PBXFileReference; lastKnownFileType = text.plist.xml; path = Info.plist; sourceTree = "<group>"; };
		B439D7D81B429E26008C186C /* main.m */ = {isa = PBXFileReference; lastKnownFileType = sourcecode.c.objc; path = main.m; sourceTree = "<group>"; };
		B439D7DA1B429E26008C186C /* AppDelegate.h */ = {isa = PBXFileReference; lastKnownFileType = sourcecode.c.h; path = AppDelegate.h; sourceTree = "<group>"; };
		B439D7DB1B429E26008C186C /* AppDelegate.m */ = {isa = PBXFileReference; lastKnownFileType = sourcecode.c.objc; path = AppDelegate.m; sourceTree = "<group>"; };
		B439D7DD1B429E26008C186C /* ViewController.h */ = {isa = PBXFileReference; lastKnownFileType = sourcecode.c.h; path = ViewController.h; sourceTree = "<group>"; };
		B439D7DE1B429E26008C186C /* ViewController.m */ = {isa = PBXFileReference; lastKnownFileType = sourcecode.c.objc; path = ViewController.m; sourceTree = "<group>"; };
		B439D7E11B429E26008C186C /* Base */ = {isa = PBXFileReference; lastKnownFileType = file.storyboard; name = Base; path = Base.lproj/Main.storyboard; sourceTree = "<group>"; };
		B439D7E31B429E26008C186C /* Images.xcassets */ = {isa = PBXFileReference; lastKnownFileType = folder.assetcatalog; path = Images.xcassets; sourceTree = "<group>"; };
		B439D7E61B429E26008C186C /* Base */ = {isa = PBXFileReference; lastKnownFileType = file.xib; name = Base; path = Base.lproj/LaunchScreen.xib; sourceTree = "<group>"; };
		B439D7EC1B429E26008C186C /* NSLinkAttributeNameIssueTests.xctest */ = {isa = PBXFileReference; explicitFileType = wrapper.cfbundle; includeInIndex = 0; path = NSLinkAttributeNameIssueTests.xctest; sourceTree = BUILT_PRODUCTS_DIR; };
		B439D7F11B429E26008C186C /* Info.plist */ = {isa = PBXFileReference; lastKnownFileType = text.plist.xml; path = Info.plist; sourceTree = "<group>"; };
		B439D7F21B429E26008C186C /* NSLinkAttributeNameIssueTests.m */ = {isa = PBXFileReference; lastKnownFileType = sourcecode.c.objc; path = NSLinkAttributeNameIssueTests.m; sourceTree = "<group>"; };
/* End PBXFileReference section */

/* Begin PBXFrameworksBuildPhase section */
		B439D7D01B429E26008C186C /* Frameworks */ = {
			isa = PBXFrameworksBuildPhase;
			buildActionMask = 2147483647;
			files = (
			);
			runOnlyForDeploymentPostprocessing = 0;
		};
		B439D7E91B429E26008C186C /* Frameworks */ = {
			isa = PBXFrameworksBuildPhase;
			buildActionMask = 2147483647;
			files = (
			);
			runOnlyForDeploymentPostprocessing = 0;
		};
/* End PBXFrameworksBuildPhase section */

/* Begin PBXGroup section */
		B439D7CA1B429E26008C186C = {
			isa = PBXGroup;
			children = (
				B439D7D51B429E26008C186C /* NSLinkAttributeNameIssue */,
				B439D7EF1B429E26008C186C /* NSLinkAttributeNameIssueTests */,
				B439D7D41B429E26008C186C /* Products */,
			);
			sourceTree = "<group>";
		};
		B439D7D41B429E26008C186C /* Products */ = {
			isa = PBXGroup;
			children = (
				B439D7D31B429E26008C186C /* NSLinkAttributeNameIssue.app */,
				B439D7EC1B429E26008C186C /* NSLinkAttributeNameIssueTests.xctest */,
			);
			name = Products;
			sourceTree = "<group>";
		};
		B439D7D51B429E26008C186C /* NSLinkAttributeNameIssue */ = {
			isa = PBXGroup;
			children = (
				B439D7DA1B429E26008C186C /* AppDelegate.h */,
				B439D7DB1B429E26008C186C /* AppDelegate.m */,
				B439D7DD1B429E26008C186C /* ViewController.h */,
				B439D7DE1B429E26008C186C /* ViewController.m */,
				B439D7E01B429E26008C186C /* Main.storyboard */,
				B439D7E31B429E26008C186C /* Images.xcassets */,
				B439D7E51B429E26008C186C /* LaunchScreen.xib */,
				B439D7D61B429E26008C186C /* Supporting Files */,
			);
			path = NSLinkAttributeNameIssue;
			sourceTree = "<group>";
		};
		B439D7D61B429E26008C186C /* Supporting Files */ = {
			isa = PBXGroup;
			children = (
				B439D7D71B429E26008C186C /* Info.plist */,
				B439D7D81B429E26008C186C /* main.m */,
			);
			name = "Supporting Files";
			sourceTree = "<group>";
		};
		B439D7EF1B429E26008C186C /* NSLinkAttributeNameIssueTests */ = {
			isa = PBXGroup;
			children = (
				B439D7F21B429E26008C186C /* NSLinkAttributeNameIssueTests.m */,
				B439D7F01B429E26008C186C /* Supporting Files */,
			);
			path = NSLinkAttributeNameIssueTests;
			sourceTree = "<group>";
		};
		B439D7F01B429E26008C186C /* Supporting Files */ = {
			isa = PBXGroup;
			children = (
				B439D7F11B429E26008C186C /* Info.plist */,
			);
			name = "Supporting Files";
			sourceTree = "<group>";
		};
/* End PBXGroup section */

/* Begin PBXNativeTarget section */
		B439D7D21B429E26008C186C /* NSLinkAttributeNameIssue */ = {
			isa = PBXNativeTarget;
			buildConfigurationList = B439D7F61B429E26008C186C /* Build configuration list for PBXNativeTarget "NSLinkAttributeNameIssue" */;
			buildPhases = (
				B439D7CF1B429E26008C186C /* Sources */,
				B439D7D01B429E26008C186C /* Frameworks */,
				B439D7D11B429E26008C186C /* Resources */,
			);
			buildRules = (
			);
			dependencies = (
			);
			name = NSLinkAttributeNameIssue;
			productName = NSLinkAttributeNameIssue;
			productReference = B439D7D31B429E26008C186C /* NSLinkAttributeNameIssue.app */;
			productType = "com.apple.product-type.application";
		};
		B439D7EB1B429E26008C186C /* NSLinkAttributeNameIssueTests */ = {
			isa = PBXNativeTarget;
			buildConfigurationList = B439D7F91B429E26008C186C /* Build configuration list for PBXNativeTarget "NSLinkAttributeNameIssueTests" */;
			buildPhases = (
				B439D7E81B429E26008C186C /* Sources */,
				B439D7E91B429E26008C186C /* Frameworks */,
				B439D7EA1B429E26008C186C /* Resources */,
			);
			buildRules = (
			);
			dependencies = (
				B439D7EE1B429E26008C186C /* PBXTargetDependency */,
			);
			name = NSLinkAttributeNameIssueTests;
			productName = NSLinkAttributeNameIssueTests;
			productReference = B439D7EC1B429E26008C186C /* NSLinkAttributeNameIssueTests.xctest */;
			productType = "com.apple.product-type.bundle.unit-test";
		};
/* End PBXNativeTarget section */

/* Begin PBXProject section */
		B439D7CB1B429E26008C186C /* Project object */ = {
			isa = PBXProject;
			attributes = {
				LastUpgradeCheck = 0630;
				ORGANIZATIONNAME = lingye;
				TargetAttributes = {
					B439D7D21B429E26008C186C = {
						CreatedOnToolsVersion = 6.3.2;
					};
					B439D7EB1B429E26008C186C = {
						CreatedOnToolsVersion = 6.3.2;
						TestTargetID = B439D7D21B429E26008C186C;
					};
				};
			};
			buildConfigurationList = B439D7CE1B429E26008C186C /* Build configuration list for PBXProject "NSLinkAttributeNameIssue" */;
			compatibilityVersion = "Xcode 3.2";
			developmentRegion = English;
			hasScannedForEncodings = 0;
			knownRegions = (
				en,
				Base,
			);
			mainGroup = B439D7CA1B429E26008C186C;
			productRefGroup = B439D7D41B429E26008C186C /* Products */;
			projectDirPath = "";
			projectRoot = "";
			targets = (
				B439D7D21B429E26008C186C /* NSLinkAttributeNameIssue */,
				B439D7EB1B429E26008C186C /* NSLinkAttributeNameIssueTests */,
			);
		};
/* End PBXProject section */

/* Begin PBXResourcesBuildPhase section */
		B439D7D11B429E26008C186C /* Resources */ = {
			isa = PBXResourcesBuildPhase;
			buildActionMask = 2147483647;
			files = (
				B439D7E21B429E26008C186C /* Main.storyboard in Resources */,
				B439D7E71B429E26008C186C /* LaunchScreen.xib in Resources */,
				B439D7E41B429E26008C186C /* Images.xcassets in Resources */,
			);
			runOnlyForDeploymentPostprocessing = 0;
		};
		B439D7EA1B429E26008C186C /* Resources */ = {
			isa = PBXResourcesBuildPhase;
			buildActionMask = 2147483647;
			files = (
			);
			runOnlyForDeploymentPostprocessing = 0;
		};
/* End PBXResourcesBuildPhase section */

/* Begin PBXSourcesBuildPhase section */
		B439D7CF1B429E26008C186C /* Sources */ = {
			isa = PBXSourcesBuildPhase;
			buildActionMask = 2147483647;
			files = (
				B439D7DF1B429E26008C186C /* ViewController.m in Sources */,
				B439D7DC1B429E26008C186C /* AppDelegate.m in Sources */,
				B439D7D91B429E26008C186C /* main.m in Sources */,
			);
			runOnlyForDeploymentPostprocessing = 0;
		};
		B439D7E81B429E26008C186C /* Sources */ = {
			isa = PBXSourcesBuildPhase;
			buildActionMask = 2147483647;
			files = (
				B439D7F31B429E26008C186C /* NSLinkAttributeNameIssueTests.m in Sources */,
			);
			runOnlyForDeploymentPostprocessing = 0;
		};
/* End PBXSourcesBuildPhase section */

/* Begin PBXTargetDependency section */
		B439D7EE1B429E26008C186C /* PBXTargetDependency */ = {
			isa = PBXTargetDependency;
			target = B439D7D21B429E26008C186C /* NSLinkAttributeNameIssue */;
			targetProxy = B439D7ED1B429E26008C186C /* PBXContainerItemProxy */;
		};
/* End PBXTargetDependency section */

/* Begin PBXVariantGroup section */
		B439D7E01B429E26008C186C /* Main.storyboard */ = {
			isa = PBXVariantGroup;
			children = (
				B439D7E11B429E26008C186C /* Base */,
			);
			name = Main.storyboard;
			sourceTree = "<group>";
		};
		B439D7E51B429E26008C186C /* LaunchScreen.xib */ = {
			isa = PBXVariantGroup;
			children = (
				B439D7E61B429E26008C186C /* Base */,
			);
			name = LaunchScreen.xib;
			sourceTree = "<group>";
		};
/* End PBXVariantGroup section */

/* Begin XCBuildConfiguration section */
		B439D7F41B429E26008C186C /* Debug */ = {
			isa = XCBuildConfiguration;
			buildSettings = {
				ALWAYS_SEARCH_USER_PATHS = NO;
				CLANG_CXX_LANGUAGE_STANDARD = "gnu++0x";
				CLANG_CXX_LIBRARY = "libc++";
				CLANG_ENABLE_MODULES = YES;
				CLANG_ENABLE_OBJC_ARC = YES;
				CLANG_WARN_BOOL_CONVERSION = YES;
				CLANG_WARN_CONSTANT_CONVERSION = YES;
				CLANG_WARN_DIRECT_OBJC_ISA_USAGE = YES_ERROR;
				CLANG_WARN_EMPTY_BODY = YES;
				CLANG_WARN_ENUM_CONVERSION = YES;
				CLANG_WARN_INT_CONVERSION = YES;
				CLANG_WARN_OBJC_ROOT_CLASS = YES_ERROR;
				CLANG_WARN_UNREACHABLE_CODE = YES;
				CLANG_WARN__DUPLICATE_METHOD_MATCH = YES;
				"CODE_SIGN_IDENTITY[sdk=iphoneos*]" = "iPhone Developer";
				COPY_PHASE_STRIP = NO;
				DEBUG_INFORMATION_FORMAT = "dwarf-with-dsym";
				ENABLE_STRICT_OBJC_MSGSEND = YES;
				GCC_C_LANGUAGE_STANDARD = gnu99;
				GCC_DYNAMIC_NO_PIC = NO;
				GCC_NO_COMMON_BLOCKS = YES;
				GCC_OPTIMIZATION_LEVEL = 0;
				GCC_PREPROCESSOR_DEFINITIONS = (
					"DEBUG=1",
					"$(inherited)",
				);
				GCC_SYMBOLS_PRIVATE_EXTERN = NO;
				GCC_WARN_64_TO_32_BIT_CONVERSION = YES;
				GCC_WARN_ABOUT_RETURN_TYPE = YES_ERROR;
				GCC_WARN_UNDECLARED_SELECTOR = YES;
				GCC_WARN_UNINITIALIZED_AUTOS = YES_AGGRESSIVE;
				GCC_WARN_UNUSED_FUNCTION = YES;
				GCC_WARN_UNUSED_VARIABLE = YES;
				IPHONEOS_DEPLOYMENT_TARGET = 8.3;
				MTL_ENABLE_DEBUG_INFO = YES;
				ONLY_ACTIVE_ARCH = YES;
				SDKROOT = iphoneos;
			};
			name = Debug;
		};
		B439D7F51B429E26008C186C /* Release */ = {
			isa = XCBuildConfiguration;
			buildSettings = {
				ALWAYS_SEARCH_USER_PATHS = NO;
				CLANG_CXX_LANGUAGE_STANDARD = "gnu++0x";
				CLANG_CXX_LIBRARY = "libc++";
				CLANG_ENABLE_MODULES = YES;
				CLANG_ENABLE_OBJC_ARC = YES;
				CLANG_WARN_BOOL_CONVERSION = YES;
				CLANG_WARN_CONSTANT_CONVERSION = YES;
				CLANG_WARN_DIRECT_OBJC_ISA_USAGE = YES_ERROR;
				CLANG_WARN_EMPTY_BODY = YES;
				CLANG_WARN_ENUM_CONVERSION = YES;
				CLANG_WARN_INT_CONVERSION = YES;
				CLANG_WARN_OBJC_ROOT_CLASS = YES_ERROR;
				CLANG_WARN_UNREACHABLE_CODE = YES;
				CLANG_WARN__DUPLICATE_METHOD_MATCH = YES;
				"CODE_SIGN_IDENTITY[sdk=iphoneos*]" = "iPhone Developer";
				COPY_PHASE_STRIP = NO;
				DEBUG_INFORMATION_FORMAT = "dwarf-with-dsym";
				ENABLE_NS_ASSERTIONS = NO;
				ENABLE_STRICT_OBJC_MSGSEND = YES;
				GCC_C_LANGUAGE_STANDARD = gnu99;
				GCC_NO_COMMON_BLOCKS = YES;
				GCC_WARN_64_TO_32_BIT_CONVERSION = YES;
				GCC_WARN_ABOUT_RETURN_TYPE = YES_ERROR;
				GCC_WARN_UNDECLARED_SELECTOR = YES;
				GCC_WARN_UNINITIALIZED_AUTOS = YES_AGGRESSIVE;
				GCC_WARN_UNUSED_FUNCTION = YES;
				GCC_WARN_UNUSED_VARIABLE = YES;
				IPHONEOS_DEPLOYMENT_TARGET = 8.3;
				MTL_ENABLE_DEBUG_INFO = NO;
				SDKROOT = iphoneos;
				VALIDATE_PRODUCT = YES;
			};
			name = Release;
		};
		B439D7F71B429E26008C186C /* Debug */ = {
			isa = XCBuildConfiguration;
			buildSettings = {
				ASSETCATALOG_COMPILER_APPICON_NAME = AppIcon;
				INFOPLIST_FILE = NSLinkAttributeNameIssue/Info.plist;
				IPHONEOS_DEPLOYMENT_TARGET = 7.0;
				LD_RUNPATH_SEARCH_PATHS = "$(inherited) @executable_path/Frameworks";
				PRODUCT_NAME = "$(TARGET_NAME)";
			};
			name = Debug;
		};
		B439D7F81B429E26008C186C /* Release */ = {
			isa = XCBuildConfiguration;
			buildSettings = {
				ASSETCATALOG_COMPILER_APPICON_NAME = AppIcon;
				INFOPLIST_FILE = NSLinkAttributeNameIssue/Info.plist;
				IPHONEOS_DEPLOYMENT_TARGET = 7.0;
				LD_RUNPATH_SEARCH_PATHS = "$(inherited) @executable_path/Frameworks";
				PRODUCT_NAME = "$(TARGET_NAME)";
			};
			name = Release;
		};
		B439D7FA1B429E26008C186C /* Debug */ = {
			isa = XCBuildConfiguration;
			buildSettings = {
				BUNDLE_LOADER = "$(TEST_HOST)";
				FRAMEWORK_SEARCH_PATHS = (
					"$(SDKROOT)/Developer/Library/Frameworks",
					"$(inherited)",
				);
				GCC_PREPROCESSOR_DEFINITIONS = (
					"DEBUG=1",
					"$(inherited)",
				);
				INFOPLIST_FILE = NSLinkAttributeNameIssueTests/Info.plist;
				LD_RUNPATH_SEARCH_PATHS = "$(inherited) @executable_path/Frameworks @loader_path/Frameworks";
				PRODUCT_NAME = "$(TARGET_NAME)";
				TEST_HOST = "$(BUILT_PRODUCTS_DIR)/NSLinkAttributeNameIssue.app/NSLinkAttributeNameIssue";
			};
			name = Debug;
		};
		B439D7FB1B429E26008C186C /* Release */ = {
			isa = XCBuildConfiguration;
			buildSettings = {
				BUNDLE_LOADER = "$(TEST_HOST)";
				FRAMEWORK_SEARCH_PATHS = (
					"$(SDKROOT)/Developer/Library/Frameworks",
					"$(inherited)",
				);
				INFOPLIST_FILE = NSLinkAttributeNameIssueTests/Info.plist;
				LD_RUNPATH_SEARCH_PATHS = "$(inherited) @executable_path/Frameworks @loader_path/Frameworks";
				PRODUCT_NAME = "$(TARGET_NAME)";
				TEST_HOST = "$(BUILT_PRODUCTS_DIR)/NSLinkAttributeNameIssue.app/NSLinkAttributeNameIssue";
			};
			name = Release;
		};
/* End XCBuildConfiguration section */

/* Begin XCConfigurationList section */
		B439D7CE1B429E26008C186C /* Build configuration list for PBXProject "NSLinkAttributeNameIssue" */ = {
			isa = XCConfigurationList;
			buildConfigurations = (
				B439D7F41B429E26008C186C /* Debug */,
				B439D7F51B429E26008C186C /* Release */,
			);
			defaultConfigurationIsVisible = 0;
			defaultConfigurationName = Release;
		};
		B439D7F61B429E26008C186C /* Build configuration list for PBXNativeTarget "NSLinkAttributeNameIssue" */ = {
			isa = XCConfigurationList;
			buildConfigurations = (
				B439D7F71B429E26008C186C /* Debug */,
				B439D7F81B429E26008C186C /* Release */,
			);
			defaultConfigurationIsVisible = 0;
		};
		B439D7F91B429E26008C186C /* Build configuration list for PBXNativeTarget "NSLinkAttributeNameIssueTests" */ = {
			isa = XCConfigurationList;
			buildConfigurations = (
				B439D7FA1B429E26008C186C /* Debug */,
				B439D7FB1B429E26008C186C /* Release */,
			);
			defaultConfigurationIsVisible = 0;
		};
/* End XCConfigurationList section */
	};
	rootObject = B439D7CB1B429E26008C186C /* Project object */;
}
